
Microsoft Visual Studio Solution File, Format Version 12.00
# Visual Studio Version 16
VisualStudioVersion = 16.0.30523.141
MinimumVisualStudioVersion = 10.0.40219.1
Project("{8BC9CEB8-8B4A-11D0-8D11-00A0C91BC942}") = "Lab 7.2(iter)", "Lab 7.2(iter)\Lab 7.2(iter).vcxproj", "{40802B4F-24C6-4462-8A2E-DC5DBD27EF39}"
EndProject
Project("{8BC9CEB8-8B4A-11D0-8D11-00A0C91BC942}") = "UnitTest2", "UnitTest2\UnitTest2.vcxproj", "{6CB200EE-E639-45C7-BAEE-BDCA5A443A8F}"
EndProject
Global
	GlobalSection(SolutionConfigurationPlatforms) = preSolution
		Debug|x64 = Debug|x64
		Debug|x86 = Debug|x86
		Release|x64 = Release|x64
		Release|x86 = Release|x86
	EndGlobalSection
	GlobalSection(ProjectConfigurationPlatforms) = postSolution
		{40802B4F-24C6-4462-8A2E-DC5DBD27EF39}.Debug|x64.ActiveCfg = Debug|x64
		{40802B4F-24C6-4462-8A2E-DC5DBD27EF39}.Debug|x64.Build.0 = Debug|x64
		{40802B4F-24C6-4462-8A2E-DC5DBD27EF39}.Debug|x86.ActiveCfg = Debug|Win32
		{40802B4F-24C6-4462-8A2E-DC5DBD27EF39}.Debug|x86.Build.0 = Debug|Win32
		{40802B4F-24C6-4462-8A2E-DC5DBD27EF39}.Release|x64.ActiveCfg = Release|x64
		{40802B4F-24C6-4462-8A2E-DC5DBD27EF39}.Release|x64.Build.0 = Release|x64
		{40802B4F-24C6-4462-8A2E-DC5DBD27EF39}.Release|x86.ActiveCfg = Release|Win32
		{40802B4F-24C6-4462-8A2E-DC5DBD27EF39}.Release|x86.Build.0 = Release|Win32
		{6CB200EE-E639-45C7-BAEE-BDCA5A443A8F}.Debug|x64.ActiveCfg = Debug|x64
		{6CB200EE-E639-45C7-BAEE-BDCA5A443A8F}.Debug|x64.Build.0 = Debug|x64
		{6CB200EE-E639-45C7-BAEE-BDCA5A443A8F}.Debug|x86.ActiveCfg = Debug|Win32
		{6CB200EE-E639-45C7-BAEE-BDCA5A443A8F}.Debug|x86.Build.0 = Debug|Win32
		{6CB200EE-E639-45C7-BAEE-BDCA5A443A8F}.Release|x64.ActiveCfg = Release|x64
		{6CB200EE-E639-45C7-BAEE-BDCA5A443A8F}.Release|x64.Build.0 = Release|x64
		{6CB200EE-E639-45C7-BAEE-BDCA5A443A8F}.Release|x86.ActiveCfg = Release|Win32
		{6CB200EE-E639-45C7-BAEE-BDCA5A443A8F}.Release|x86.Build.0 = Release|Win32
	EndGlobalSection
	GlobalSection(SolutionProperties) = preSolution
		HideSolutionNode = FALSE
	EndGlobalSection
	GlobalSection(ExtensibilityGlobals) = postSolution
		SolutionGuid = {61B9B95A-155D-46F7-A3CB-C62B8D79727B}
	EndGlobalSection
EndGlobal
